{
  "name": "h1z1-dataschema",
  "version": "1.5.12",
  "lockfileVersion": 2,
  "requires": true,
  "packages": {
    "": {
      "name": "h1z1-dataschema",
      "version": "1.5.12",
      "hasInstallScript": true,
      "dependencies": {
        "@types/json-schema": "^7.0.11",
        "@types/node": "18.0.0",
        "h1z1-buffer": "1.0.1",
        "typescript": "4.7.4"
      }
    },
    "node_modules/@types/json-schema": {
      "version": "7.0.11",
      "resolved": "https://registry.npmjs.org/@types/json-schema/-/json-schema-7.0.11.tgz",
      "integrity": "sha512-wOuvG1SN4Us4rez+tylwwwCV1psiNVOkJeM3AUWUNWg/jDQY2+HE/444y5gc+jBmRqASOm2Oeh5c1axHobwRKQ=="
    },
    "node_modules/@types/node": {
      "version": "18.0.0",
      "resolved": "https://registry.npmjs.org/@types/node/-/node-18.0.0.tgz",
      "integrity": "sha512-cHlGmko4gWLVI27cGJntjs/Sj8th9aYwplmZFwmmgYQQvL5NUsgVJG7OddLvNfLqYS31KFN0s3qlaD9qCaxACA=="
    },
    "node_modules/h1z1-buffer": {
      "version": "1.0.1",
      "resolved": "https://registry.npmjs.org/h1z1-buffer/-/h1z1-buffer-1.0.1.tgz",
      "integrity": "sha512-u9EYJ1zzhc8UUKkpyLbO1qVeNrW+ixUZjcILPFqd3pVTwwceOvEhpgNYnnmp5RfHr0YyTmfbrN1z7LZyf63TLg=="
    },
    "node_modules/typescript": {
      "version": "4.7.4",
      "resolved": "https://registry.npmjs.org/typescript/-/typescript-4.7.4.tgz",
      "integrity": "sha512-C0WQT0gezHuw6AdY1M2jxUO83Rjf0HP7Sk1DtXj6j1EwkQNZrHAg2XPWlq62oqEhYvONq5pkC2Y9oPljWToLmQ==",
      "bin": {
        "tsc": "bin/tsc",
        "tsserver": "bin/tsserver"
      },
      "engines": {
        "node": ">=4.2.0"
      }
    }
  },
  "dependencies": {
    "@types/json-schema": {
      "version": "7.0.11",
      "resolved": "https://registry.npmjs.org/@types/json-schema/-/json-schema-7.0.11.tgz",
      "integrity": "sha512-wOuvG1SN4Us4rez+tylwwwCV1psiNVOkJeM3AUWUNWg/jDQY2+HE/444y5gc+jBmRqASOm2Oeh5c1axHobwRKQ=="
    },
    "@types/node": {
      "version": "18.0.0",
      "resolved": "https://registry.npmjs.org/@types/node/-/node-18.0.0.tgz",
      "integrity": "sha512-cHlGmko4gWLVI27cGJntjs/Sj8th9aYwplmZFwmmgYQQvL5NUsgVJG7OddLvNfLqYS31KFN0s3qlaD9qCaxACA=="
    },
    "h1z1-buffer": {
      "version": "1.0.1",
      "resolved": "https://registry.npmjs.org/h1z1-buffer/-/h1z1-buffer-1.0.1.tgz",
      "integrity": "sha512-u9EYJ1zzhc8UUKkpyLbO1qVeNrW+ixUZjcILPFqd3pVTwwceOvEhpgNYnnmp5RfHr0YyTmfbrN1z7LZyf63TLg=="
    },
    "typescript": {
      "version": "4.7.4",
      "resolved": "https://registry.npmjs.org/typescript/-/typescript-4.7.4.tgz",
      "integrity": "sha512-C0WQT0gezHuw6AdY1M2jxUO83Rjf0HP7Sk1DtXj6j1EwkQNZrHAg2XPWlq62oqEhYvONq5pkC2Y9oPljWToLmQ=="
    }
  }
}
