{
  "name": "h1z1-dataschema",
  "version": "1.5.10",
  "lockfileVersion": 2,
  "requires": true,
  "packages": {
    "": {
      "name": "h1z1-dataschema",
      "version": "1.5.10",
      "hasInstallScript": true,
      "dependencies": {
        "@types/node": "17.0.25",
        "h1z1-buffer": "1.0.1",
        "typescript": "4.6.3"
      }
    },
    "node_modules/@types/node": {
      "version": "17.0.25",
      "resolved": "https://registry.npmjs.org/@types/node/-/node-17.0.25.tgz",
      "integrity": "sha512-wANk6fBrUwdpY4isjWrKTufkrXdu1D2YHCot2fD/DfWxF5sMrVSA+KN7ydckvaTCh0HiqX9IVl0L5/ZoXg5M7w=="
    },
    "node_modules/h1z1-buffer": {
      "version": "1.0.1",
      "resolved": "https://registry.npmjs.org/h1z1-buffer/-/h1z1-buffer-1.0.1.tgz",
      "integrity": "sha512-u9EYJ1zzhc8UUKkpyLbO1qVeNrW+ixUZjcILPFqd3pVTwwceOvEhpgNYnnmp5RfHr0YyTmfbrN1z7LZyf63TLg=="
    },
    "node_modules/typescript": {
      "version": "4.6.3",
      "resolved": "https://registry.npmjs.org/typescript/-/typescript-4.6.3.tgz",
      "integrity": "sha512-yNIatDa5iaofVozS/uQJEl3JRWLKKGJKh6Yaiv0GLGSuhpFJe7P3SbHZ8/yjAHRQwKRoA6YZqlfjXWmVzoVSMw==",
      "bin": {
        "tsc": "bin/tsc",
        "tsserver": "bin/tsserver"
      },
      "engines": {
        "node": ">=4.2.0"
      }
    }
  },
  "dependencies": {
    "@types/node": {
      "version": "17.0.25",
      "resolved": "https://registry.npmjs.org/@types/node/-/node-17.0.25.tgz",
      "integrity": "sha512-wANk6fBrUwdpY4isjWrKTufkrXdu1D2YHCot2fD/DfWxF5sMrVSA+KN7ydckvaTCh0HiqX9IVl0L5/ZoXg5M7w=="
    },
    "h1z1-buffer": {
      "version": "1.0.1",
      "resolved": "https://registry.npmjs.org/h1z1-buffer/-/h1z1-buffer-1.0.1.tgz",
      "integrity": "sha512-u9EYJ1zzhc8UUKkpyLbO1qVeNrW+ixUZjcILPFqd3pVTwwceOvEhpgNYnnmp5RfHr0YyTmfbrN1z7LZyf63TLg=="
    },
    "typescript": {
      "version": "4.6.3",
      "resolved": "https://registry.npmjs.org/typescript/-/typescript-4.6.3.tgz",
      "integrity": "sha512-yNIatDa5iaofVozS/uQJEl3JRWLKKGJKh6Yaiv0GLGSuhpFJe7P3SbHZ8/yjAHRQwKRoA6YZqlfjXWmVzoVSMw=="
    }
  }
}
